// !$*UTF8*$!
{
	archiveVersion = 1;
	classes = {
	};
	objectVersion = 46;
	objects = {

/* Begin PBXBuildFile section */
		7DC755B81B058AE200C0FD03 /* AppDelegate.swift in Sources */ = {isa = PBXBuildFile; fileRef = 7DC755B71B058AE200C0FD03 /* AppDelegate.swift */; };
		7DC755BA1B058AE200C0FD03 /* Images.xcassets in Resources */ = {isa = PBXBuildFile; fileRef = 7DC755B91B058AE200C0FD03 /* Images.xcassets */; };
		7DC755BD1B058AE200C0FD03 /* MainMenu.xib in Resources */ = {isa = PBXBuildFile; fileRef = 7DC755BB1B058AE200C0FD03 /* MainMenu.xib */; };
		7DC755C91B058AE200C0FD03 /* TestMacApp01Tests.swift in Sources */ = {isa = PBXBuildFile; fileRef = 7DC755C81B058AE200C0FD03 /* TestMacApp01Tests.swift */; };
/* End PBXBuildFile section */

/* Begin PBXContainerItemProxy section */
		7DC755C31B058AE200C0FD03 /* PBXContainerItemProxy */ = {
			isa = PBXContainerItemProxy;
			containerPortal = 7DC755AA1B058AE200C0FD03 /* Project object */;
			proxyType = 1;
			remoteGlobalIDString = 7DC755B11B058AE200C0FD03;
			remoteInfo = TestMacApp01;
		};
/* End PBXContainerItemProxy section */

/* Begin PBXFileReference section */
		7DC755B21B058AE200C0FD03 /* TestMacApp01.app */ = {isa = PBXFileReference; explicitFileType = wrapper.application; includeInIndex = 0; path = TestMacApp01.app; sourceTree = BUILT_PRODUCTS_DIR; };
		7DC755B61B058AE200C0FD03 /* Info.plist */ = {isa = PBXFileReference; lastKnownFileType = text.plist.xml; path = Info.plist; sourceTree = "<group>"; };
		7DC755B71B058AE200C0FD03 /* AppDelegate.swift */ = {isa = PBXFileReference; lastKnownFileType = sourcecode.swift; path = AppDelegate.swift; sourceTree = "<group>"; };
		7DC755B91B058AE200C0FD03 /* Images.xcassets */ = {isa = PBXFileReference; lastKnownFileType = folder.assetcatalog; path = Images.xcassets; sourceTree = "<group>"; };
		7DC755BC1B058AE200C0FD03 /* Base */ = {isa = PBXFileReference; lastKnownFileType = file.xib; name = Base; path = Base.lproj/MainMenu.xib; sourceTree = "<group>"; };
		7DC755C21B058AE200C0FD03 /* TestMacApp01Tests.xctest */ = {isa = PBXFileReference; explicitFileType = wrapper.cfbundle; includeInIndex = 0; path = TestMacApp01Tests.xctest; sourceTree = BUILT_PRODUCTS_DIR; };
		7DC755C71B058AE200C0FD03 /* Info.plist */ = {isa = PBXFileReference; lastKnownFileType = text.plist.xml; path = Info.plist; sourceTree = "<group>"; };
		7DC755C81B058AE200C0FD03 /* TestMacApp01Tests.swift */ = {isa = PBXFileReference; lastKnownFileType = sourcecode.swift; path = TestMacApp01Tests.swift; sourceTree = "<group>"; };
/* End PBXFileReference section */

/* Begin PBXFrameworksBuildPhase section */
		7DC755AF1B058AE200C0FD03 /* Frameworks */ = {
			isa = PBXFrameworksBuildPhase;
			buildActionMask = 2147483647;
			files = (
			);
			runOnlyForDeploymentPostprocessing = 0;
		};
		7DC755BF1B058AE200C0FD03 /* Frameworks */ = {
			isa = PBXFrameworksBuildPhase;
			buildActionMask = 2147483647;
			files = (
			);
			runOnlyForDeploymentPostprocessing = 0;
		};
/* End PBXFrameworksBuildPhase section */

/* Begin PBXGroup section */
		7DC755A91B058AE200C0FD03 = {
			isa = PBXGroup;
			children = (
				7DC755B41B058AE200C0FD03 /* TestMacApp01 */,
				7DC755C51B058AE200C0FD03 /* TestMacApp01Tests */,
				7DC755B31B058AE200C0FD03 /* Products */,
			);
			sourceTree = "<group>";
		};
		7DC755B31B058AE200C0FD03 /* Products */ = {
			isa = PBXGroup;
			children = (
				7DC755B21B058AE200C0FD03 /* TestMacApp01.app */,
				7DC755C21B058AE200C0FD03 /* TestMacApp01Tests.xctest */,
			);
			name = Products;
			sourceTree = "<group>";
		};
		7DC755B41B058AE200C0FD03 /* TestMacApp01 */ = {
			isa = PBXGroup;
			children = (
				7DC755B71B058AE200C0FD03 /* AppDelegate.swift */,
				7DC755B91B058AE200C0FD03 /* Images.xcassets */,
				7DC755BB1B058AE200C0FD03 /* MainMenu.xib */,
				7DC755B51B058AE200C0FD03 /* Supporting Files */,
			);
			path = TestMacApp01;
			sourceTree = "<group>";
		};
		7DC755B51B058AE200C0FD03 /* Supporting Files */ = {
			isa = PBXGroup;
			children = (
				7DC755B61B058AE200C0FD03 /* Info.plist */,
			);
			name = "Supporting Files";
			sourceTree = "<group>";
		};
		7DC755C51B058AE200C0FD03 /* TestMacApp01Tests */ = {
			isa = PBXGroup;
			children = (
				7DC755C81B058AE200C0FD03 /* TestMacApp01Tests.swift */,
				7DC755C61B058AE200C0FD03 /* Supporting Files */,
			);
			path = TestMacApp01Tests;
			sourceTree = "<group>";
		};
		7DC755C61B058AE200C0FD03 /* Supporting Files */ = {
			isa = PBXGroup;
			children = (
				7DC755C71B058AE200C0FD03 /* Info.plist */,
			);
			name = "Supporting Files";
			sourceTree = "<group>";
		};
/* End PBXGroup section */

/* Begin PBXNativeTarget section */
		7DC755B11B058AE200C0FD03 /* TestMacApp01 */ = {
			isa = PBXNativeTarget;
			buildConfigurationList = 7DC755CC1B058AE200C0FD03 /* Build configuration list for PBXNativeTarget "TestMacApp01" */;
			buildPhases = (
				7DC755AE1B058AE200C0FD03 /* Sources */,
				7DC755AF1B058AE200C0FD03 /* Frameworks */,
				7DC755B01B058AE200C0FD03 /* Resources */,
			);
			buildRules = (
			);
			dependencies = (
			);
			name = TestMacApp01;
			productName = TestMacApp01;
			productReference = 7DC755B21B058AE200C0FD03 /* TestMacApp01.app */;
			productType = "com.apple.product-type.application";
		};
		7DC755C11B058AE200C0FD03 /* TestMacApp01Tests */ = {
			isa = PBXNativeTarget;
			buildConfigurationList = 7DC755CF1B058AE200C0FD03 /* Build configuration list for PBXNativeTarget "TestMacApp01Tests" */;
			buildPhases = (
				7DC755BE1B058AE200C0FD03 /* Sources */,
				7DC755BF1B058AE200C0FD03 /* Frameworks */,
				7DC755C01B058AE200C0FD03 /* Resources */,
			);
			buildRules = (
			);
			dependencies = (
				7DC755C41B058AE200C0FD03 /* PBXTargetDependency */,
			);
			name = TestMacApp01Tests;
			productName = TestMacApp01Tests;
			productReference = 7DC755C21B058AE200C0FD03 /* TestMacApp01Tests.xctest */;
			productType = "com.apple.product-type.bundle.unit-test";
		};
/* End PBXNativeTarget section */

/* Begin PBXProject section */
		7DC755AA1B058AE200C0FD03 /* Project object */ = {
			isa = PBXProject;
			attributes = {
				LastUpgradeCheck = 0620;
				ORGANIZATIONNAME = "守谷 一希";
				TargetAttributes = {
					7DC755B11B058AE200C0FD03 = {
						CreatedOnToolsVersion = 6.2;
					};
					7DC755C11B058AE200C0FD03 = {
						CreatedOnToolsVersion = 6.2;
						TestTargetID = 7DC755B11B058AE200C0FD03;
					};
				};
			};
			buildConfigurationList = 7DC755AD1B058AE200C0FD03 /* Build configuration list for PBXProject "TestMacApp01" */;
			compatibilityVersion = "Xcode 3.2";
			developmentRegion = English;
			hasScannedForEncodings = 0;
			knownRegions = (
				en,
				Base,
			);
			mainGroup = 7DC755A91B058AE200C0FD03;
			productRefGroup = 7DC755B31B058AE200C0FD03 /* Products */;
			projectDirPath = "";
			projectRoot = "";
			targets = (
				7DC755B11B058AE200C0FD03 /* TestMacApp01 */,
				7DC755C11B058AE200C0FD03 /* TestMacApp01Tests */,
			);
		};
/* End PBXProject section */

/* Begin PBXResourcesBuildPhase section */
		7DC755B01B058AE200C0FD03 /* Resources */ = {
			isa = PBXResourcesBuildPhase;
			buildActionMask = 2147483647;
			files = (
				7DC755BA1B058AE200C0FD03 /* Images.xcassets in Resources */,
				7DC755BD1B058AE200C0FD03 /* MainMenu.xib in Resources */,
			);
			runOnlyForDeploymentPostprocessing = 0;
		};
		7DC755C01B058AE200C0FD03 /* Resources */ = {
			isa = PBXResourcesBuildPhase;
			buildActionMask = 2147483647;
			files = (
			);
			runOnlyForDeploymentPostprocessing = 0;
		};
/* End PBXResourcesBuildPhase section */

/* Begin PBXSourcesBuildPhase section */
		7DC755AE1B058AE200C0FD03 /* Sources */ = {
			isa = PBXSourcesBuildPhase;
			buildActionMask = 2147483647;
			files = (
				7DC755B81B058AE200C0FD03 /* AppDelegate.swift in Sources */,
			);
			runOnlyForDeploymentPostprocessing = 0;
		};
		7DC755BE1B058AE200C0FD03 /* Sources */ = {
			isa = PBXSourcesBuildPhase;
			buildActionMask = 2147483647;
			files = (
				7DC755C91B058AE200C0FD03 /* TestMacApp01Tests.swift in Sources */,
			);
			runOnlyForDeploymentPostprocessing = 0;
		};
/* End PBXSourcesBuildPhase section */

/* Begin PBXTargetDependency section */
		7DC755C41B058AE200C0FD03 /* PBXTargetDependency */ = {
			isa = PBXTargetDependency;
			target = 7DC755B11B058AE200C0FD03 /* TestMacApp01 */;
			targetProxy = 7DC755C31B058AE200C0FD03 /* PBXContainerItemProxy */;
		};
/* End PBXTargetDependency section */

/* Begin PBXVariantGroup section */
		7DC755BB1B058AE200C0FD03 /* MainMenu.xib */ = {
			isa = PBXVariantGroup;
			children = (
				7DC755BC1B058AE200C0FD03 /* Base */,
			);
			name = MainMenu.xib;
			sourceTree = "<group>";
		};
/* End PBXVariantGroup section */

/* Begin XCBuildConfiguration section */
		7DC755CA1B058AE200C0FD03 /* Debug */ = {
			isa = XCBuildConfiguration;
			buildSettings = {
				ALWAYS_SEARCH_USER_PATHS = NO;
				CLANG_CXX_LANGUAGE_STANDARD = "gnu++0x";
				CLANG_CXX_LIBRARY = "libc++";
				CLANG_ENABLE_MODULES = YES;
				CLANG_ENABLE_OBJC_ARC = YES;
				CLANG_WARN_BOOL_CONVERSION = YES;
				CLANG_WARN_CONSTANT_CONVERSION = YES;
				CLANG_WARN_DIRECT_OBJC_ISA_USAGE = YES_ERROR;
				CLANG_WARN_EMPTY_BODY = YES;
				CLANG_WARN_ENUM_CONVERSION = YES;
				CLANG_WARN_INT_CONVERSION = YES;
				CLANG_WARN_OBJC_ROOT_CLASS = YES_ERROR;
				CLANG_WARN_UNREACHABLE_CODE = YES;
				CLANG_WARN__DUPLICATE_METHOD_MATCH = YES;
				CODE_SIGN_IDENTITY = "-";
				COPY_PHASE_STRIP = NO;
				ENABLE_STRICT_OBJC_MSGSEND = YES;
				GCC_C_LANGUAGE_STANDARD = gnu99;
				GCC_DYNAMIC_NO_PIC = NO;
				GCC_OPTIMIZATION_LEVEL = 0;
				GCC_PREPROCESSOR_DEFINITIONS = (
					"DEBUG=1",
					"$(inherited)",
				);
				GCC_SYMBOLS_PRIVATE_EXTERN = NO;
				GCC_WARN_64_TO_32_BIT_CONVERSION = YES;
				GCC_WARN_ABOUT_RETURN_TYPE = YES_ERROR;
				GCC_WARN_UNDECLARED_SELECTOR = YES;
				GCC_WARN_UNINITIALIZED_AUTOS = YES_AGGRESSIVE;
				GCC_WARN_UNUSED_FUNCTION = YES;
				GCC_WARN_UNUSED_VARIABLE = YES;
				MACOSX_DEPLOYMENT_TARGET = 10.9;
				MTL_ENABLE_DEBUG_INFO = YES;
				ONLY_ACTIVE_ARCH = YES;
				SDKROOT = macosx;
				SWIFT_OPTIMIZATION_LEVEL = "-Onone";
			};
			name = Debug;
		};
		7DC755CB1B058AE200C0FD03 /* Release */ = {
			isa = XCBuildConfiguration;
			buildSettings = {
				ALWAYS_SEARCH_USER_PATHS = NO;
				CLANG_CXX_LANGUAGE_STANDARD = "gnu++0x";
				CLANG_CXX_LIBRARY = "libc++";
				CLANG_ENABLE_MODULES = YES;
				CLANG_ENABLE_OBJC_ARC = YES;
				CLANG_WARN_BOOL_CONVERSION = YES;
				CLANG_WARN_CONSTANT_CONVERSION = YES;
				CLANG_WARN_DIRECT_OBJC_ISA_USAGE = YES_ERROR;
				CLANG_WARN_EMPTY_BODY = YES;
				CLANG_WARN_ENUM_CONVERSION = YES;
				CLANG_WARN_INT_CONVERSION = YES;
				CLANG_WARN_OBJC_ROOT_CLASS = YES_ERROR;
				CLANG_WARN_UNREACHABLE_CODE = YES;
				CLANG_WARN__DUPLICATE_METHOD_MATCH = YES;
				CODE_SIGN_IDENTITY = "-";
				COPY_PHASE_STRIP = NO;
				DEBUG_INFORMATION_FORMAT = "dwarf-with-dsym";
				ENABLE_NS_ASSERTIONS = NO;
				ENABLE_STRICT_OBJC_MSGSEND = YES;
				GCC_C_LANGUAGE_STANDARD = gnu99;
				GCC_WARN_64_TO_32_BIT_CONVERSION = YES;
				GCC_WARN_ABOUT_RETURN_TYPE = YES_ERROR;
				GCC_WARN_UNDECLARED_SELECTOR = YES;
				GCC_WARN_UNINITIALIZED_AUTOS = YES_AGGRESSIVE;
				GCC_WARN_UNUSED_FUNCTION = YES;
				GCC_WARN_UNUSED_VARIABLE = YES;
				MACOSX_DEPLOYMENT_TARGET = 10.9;
				MTL_ENABLE_DEBUG_INFO = NO;
				SDKROOT = macosx;
			};
			name = Release;
		};
		7DC755CD1B058AE200C0FD03 /* Debug */ = {
			isa = XCBuildConfiguration;
			buildSettings = {
				ASSETCATALOG_COMPILER_APPICON_NAME = AppIcon;
				COMBINE_HIDPI_IMAGES = YES;
				INFOPLIST_FILE = TestMacApp01/Info.plist;
				LD_RUNPATH_SEARCH_PATHS = "$(inherited) @executable_path/../Frameworks";
				PRODUCT_NAME = "$(TARGET_NAME)";
			};
			name = Debug;
		};
		7DC755CE1B058AE200C0FD03 /* Release */ = {
			isa = XCBuildConfiguration;
			buildSettings = {
				ASSETCATALOG_COMPILER_APPICON_NAME = AppIcon;
				COMBINE_HIDPI_IMAGES = YES;
				INFOPLIST_FILE = TestMacApp01/Info.plist;
				LD_RUNPATH_SEARCH_PATHS = "$(inherited) @executable_path/../Frameworks";
				PRODUCT_NAME = "$(TARGET_NAME)";
			};
			name = Release;
		};
		7DC755D01B058AE200C0FD03 /* Debug */ = {
			isa = XCBuildConfiguration;
			buildSettings = {
				BUNDLE_LOADER = "$(TEST_HOST)";
				COMBINE_HIDPI_IMAGES = YES;
				FRAMEWORK_SEARCH_PATHS = (
					"$(DEVELOPER_FRAMEWORKS_DIR)",
					"$(inherited)",
				);
				GCC_PREPROCESSOR_DEFINITIONS = (
					"DEBUG=1",
					"$(inherited)",
				);
				INFOPLIST_FILE = TestMacApp01Tests/Info.plist;
				LD_RUNPATH_SEARCH_PATHS = "$(inherited) @executable_path/../Frameworks @loader_path/../Frameworks";
				PRODUCT_NAME = "$(TARGET_NAME)";
				TEST_HOST = "$(BUILT_PRODUCTS_DIR)/TestMacApp01.app/Contents/MacOS/TestMacApp01";
			};
			name = Debug;
		};
		7DC755D11B058AE200C0FD03 /* Release */ = {
			isa = XCBuildConfiguration;
			buildSettings = {
				BUNDLE_LOADER = "$(TEST_HOST)";
				COMBINE_HIDPI_IMAGES = YES;
				FRAMEWORK_SEARCH_PATHS = (
					"$(DEVELOPER_FRAMEWORKS_DIR)",
					"$(inherited)",
				);
				INFOPLIST_FILE = TestMacApp01Tests/Info.plist;
				LD_RUNPATH_SEARCH_PATHS = "$(inherited) @executable_path/../Frameworks @loader_path/../Frameworks";
				PRODUCT_NAME = "$(TARGET_NAME)";
				TEST_HOST = "$(BUILT_PRODUCTS_DIR)/TestMacApp01.app/Contents/MacOS/TestMacApp01";
			};
			name = Release;
		};
/* End XCBuildConfiguration section */

/* Begin XCConfigurationList section */
		7DC755AD1B058AE200C0FD03 /* Build configuration list for PBXProject "TestMacApp01" */ = {
			isa = XCConfigurationList;
			buildConfigurations = (
				7DC755CA1B058AE200C0FD03 /* Debug */,
				7DC755CB1B058AE200C0FD03 /* Release */,
			);
			defaultConfigurationIsVisible = 0;
			defaultConfigurationName = Release;
		};
		7DC755CC1B058AE200C0FD03 /* Build configuration list for PBXNativeTarget "TestMacApp01" */ = {
			isa = XCConfigurationList;
			buildConfigurations = (
				7DC755CD1B058AE200C0FD03 /* Debug */,
				7DC755CE1B058AE200C0FD03 /* Release */,
			);
			defaultConfigurationIsVisible = 0;
		};
		7DC755CF1B058AE200C0FD03 /* Build configuration list for PBXNativeTarget "TestMacApp01Tests" */ = {
			isa = XCConfigurationList;
			buildConfigurations = (
				7DC755D01B058AE200C0FD03 /* Debug */,
				7DC755D11B058AE200C0FD03 /* Release */,
			);
			defaultConfigurationIsVisible = 0;
		};
/* End XCConfigurationList section */
	};
	rootObject = 7DC755AA1B058AE200C0FD03 /* Project object */;
}
